// !$*UTF8*$!
{
	archiveVersion = 1;
	classes = {
	};
	objectVersion = 46;
	objects = {

/* Begin PBXBuildFile section */
		696872CAAC6733D6F9917A0E /* libPods-100Days.a in Frameworks */ = {isa = PBXBuildFile; fileRef = 5EC8616921B563A3832D4712 /* libPods-100Days.a */; };
		E10ECE421D7D4FA100B15F26 /* CalendarColorDict.plist in Resources */ = {isa = PBXBuildFile; fileRef = E10ECE411D7D4FA100B15F26 /* CalendarColorDict.plist */; };
		E10ECE461D7D55A200B15F26 /* TargetMonthlySign.m in Sources */ = {isa = PBXBuildFile; fileRef = E10ECE451D7D55A200B15F26 /* TargetMonthlySign.m */; };
		E1112E961D9A18E200890562 /* CYDataPicker.m in Sources */ = {isa = PBXBuildFile; fileRef = E1112E951D9A18E200890562 /* CYDataPicker.m */; };
		E135724E1D98C2060057B80F /* TimeReminderViewController.m in Sources */ = {isa = PBXBuildFile; fileRef = E135724D1D98C2060057B80F /* TimeReminderViewController.m */; };
		E13572621D99212A0057B80F /* CYBasePicker.m in Sources */ = {isa = PBXBuildFile; fileRef = E135725C1D99212A0057B80F /* CYBasePicker.m */; };
		E13572641D99212A0057B80F /* CYDatePicker.m in Sources */ = {isa = PBXBuildFile; fileRef = E13572601D99212A0057B80F /* CYDatePicker.m */; };
		E135CFA71D91213E00C6D180 /* InfoPlist.strings in Resources */ = {isa = PBXBuildFile; fileRef = E135CFA91D91213E00C6D180 /* InfoPlist.strings */; };
		E135CFB41D91213E00C6D180 /* Localizable.strings in Resources */ = {isa = PBXBuildFile; fileRef = E135CFB61D91213E00C6D180 /* Localizable.strings */; };
		E15B83371D7EA97200E1B2CF /* TargetDayViewCell.m in Sources */ = {isa = PBXBuildFile; fileRef = E15B83351D7EA97200E1B2CF /* TargetDayViewCell.m */; };
		E15B83381D7EA97200E1B2CF /* TargetDayViewCell.xib in Resources */ = {isa = PBXBuildFile; fileRef = E15B83361D7EA97200E1B2CF /* TargetDayViewCell.xib */; };
		E15B833E1D7EB35000E1B2CF /* WeekDayHeaderView.m in Sources */ = {isa = PBXBuildFile; fileRef = E15B833D1D7EB35000E1B2CF /* WeekDayHeaderView.m */; };
		E174FEDD1D7BC52600894AB3 /* DescriptionUtil.m in Sources */ = {isa = PBXBuildFile; fileRef = E174FEDC1D7BC52600894AB3 /* DescriptionUtil.m */; };
		E174FEE01D7BD28C00894AB3 /* TargetMonthlyViewController.m in Sources */ = {isa = PBXBuildFile; fileRef = E174FEDF1D7BD28C00894AB3 /* TargetMonthlyViewController.m */; };
		E186BD7E1D797EE6006D62D5 /* TargetListViewController.m in Sources */ = {isa = PBXBuildFile; fileRef = E186BD7D1D797EE6006D62D5 /* TargetListViewController.m */; };
		E18AC85D1D7FBFCE00531F6F /* MonthHeaderView.m in Sources */ = {isa = PBXBuildFile; fileRef = E18AC85C1D7FBFCE00531F6F /* MonthHeaderView.m */; };
		E18AC8601D7FEE7E00531F6F /* TargetCalendarDay.m in Sources */ = {isa = PBXBuildFile; fileRef = E18AC85F1D7FEE7E00531F6F /* TargetCalendarDay.m */; };
		E18E4FEB1D78087E001EEAA4 /* NSDate+CYCompare.m in Sources */ = {isa = PBXBuildFile; fileRef = E18E4FEA1D78087E001EEAA4 /* NSDate+CYCompare.m */; };
		E1A140BA1D3E4CDF00D77589 /* NSString+CYVerification.m in Sources */ = {isa = PBXBuildFile; fileRef = E1A140B11D3E4CDF00D77589 /* NSString+CYVerification.m */; };
		E1A140BB1D3E4CDF00D77589 /* UIColor+HexString.m in Sources */ = {isa = PBXBuildFile; fileRef = E1A140B41D3E4CDF00D77589 /* UIColor+HexString.m */; };
		E1A140BC1D3E4CDF00D77589 /* UIView+Frame.m in Sources */ = {isa = PBXBuildFile; fileRef = E1A140B71D3E4CDF00D77589 /* UIView+Frame.m */; };
		E1A140BD1D3E4CDF00D77589 /* UIView+Toast.m in Sources */ = {isa = PBXBuildFile; fileRef = E1A140B91D3E4CDF00D77589 /* UIView+Toast.m */; };
		E1B3FDEA1D7A6DB900489B44 /* CYBaseViewController.m in Sources */ = {isa = PBXBuildFile; fileRef = E1B3FDE91D7A6DB900489B44 /* CYBaseViewController.m */; };
		E1B3FDEE1D7A70C400489B44 /* TargetListCell.m in Sources */ = {isa = PBXBuildFile; fileRef = E1B3FDEC1D7A70C400489B44 /* TargetListCell.m */; };
		E1BF44B01D76701A0070900D /* IndexViewController.m in Sources */ = {isa = PBXBuildFile; fileRef = E1BF44AB1D76701A0070900D /* IndexViewController.m */; };
		E1BF44B11D76701A0070900D /* LeftMenuViewController.m in Sources */ = {isa = PBXBuildFile; fileRef = E1BF44AD1D76701A0070900D /* LeftMenuViewController.m */; };
		E1BF44B21D76701A0070900D /* MainViewController.m in Sources */ = {isa = PBXBuildFile; fileRef = E1BF44AF1D76701A0070900D /* MainViewController.m */; };
		E1BF44B51D7673E60070900D /* NoTargetView.m in Sources */ = {isa = PBXBuildFile; fileRef = E1BF44B41D7673E60070900D /* NoTargetView.m */; };
		E1BF44BF1D76C00C0070900D /* SetTargetViewController.m in Sources */ = {isa = PBXBuildFile; fileRef = E1BF44BE1D76C00C0070900D /* SetTargetViewController.m */; };
		E1BF44C31D76C1320070900D /* UIPlaceHolderTextView.m in Sources */ = {isa = PBXBuildFile; fileRef = E1BF44C21D76C1320070900D /* UIPlaceHolderTextView.m */; };
		E1BF44C81D76D4ED0070900D /* 100DaysTargetModel.xcdatamodeld in Sources */ = {isa = PBXBuildFile; fileRef = E1BF44C61D76D4ED0070900D /* 100DaysTargetModel.xcdatamodeld */; };
		E1BF44CF1D76D9E60070900D /* CoreDataUtil.m in Sources */ = {isa = PBXBuildFile; fileRef = E1BF44CE1D76D9E60070900D /* CoreDataUtil.m */; };
		E1BF44D81D76DA8C0070900D /* Target+CoreDataProperties.m in Sources */ = {isa = PBXBuildFile; fileRef = E1BF44D11D76DA8C0070900D /* Target+CoreDataProperties.m */; };
		E1BF44D91D76DA8C0070900D /* Target.m in Sources */ = {isa = PBXBuildFile; fileRef = E1BF44D31D76DA8C0070900D /* Target.m */; };
		E1BF44DA1D76DA8C0070900D /* TargetSign+CoreDataProperties.m in Sources */ = {isa = PBXBuildFile; fileRef = E1BF44D51D76DA8C0070900D /* TargetSign+CoreDataProperties.m */; };
		E1BF44DB1D76DA8C0070900D /* TargetSign.m in Sources */ = {isa = PBXBuildFile; fileRef = E1BF44D71D76DA8C0070900D /* TargetSign.m */; };
		E1CC33B51D3E0C86005FEA04 /* AppDelegate.m in Sources */ = {isa = PBXBuildFile; fileRef = E1CC2EEF1D3E0C85005FEA04 /* AppDelegate.m */; };
		E1CC33B61D3E0C86005FEA04 /* LaunchScreen.storyboard in Resources */ = {isa = PBXBuildFile; fileRef = E1CC2EF01D3E0C85005FEA04 /* LaunchScreen.storyboard */; };
		E1CC33B71D3E0C86005FEA04 /* Main.storyboard in Resources */ = {isa = PBXBuildFile; fileRef = E1CC2EF21D3E0C85005FEA04 /* Main.storyboard */; };
		E1CC33B81D3E0C86005FEA04 /* main.m in Sources */ = {isa = PBXBuildFile; fileRef = E1CC2EF41D3E0C85005FEA04 /* main.m */; };
		E1CC33B91D3E0C86005FEA04 /* Assets.xcassets in Resources */ = {isa = PBXBuildFile; fileRef = E1CC2EF71D3E0C85005FEA04 /* Assets.xcassets */; };
		E1CC35B01D3E0C87005FEA04 /* CLIColor.m in Sources */ = {isa = PBXBuildFile; fileRef = E1CC339C1D3E0C86005FEA04 /* CLIColor.m */; };
		E1CC35B11D3E0C87005FEA04 /* DDAbstractDatabaseLogger.m in Sources */ = {isa = PBXBuildFile; fileRef = E1CC339F1D3E0C86005FEA04 /* DDAbstractDatabaseLogger.m */; };
		E1CC35B21D3E0C87005FEA04 /* DDASLLogCapture.m in Sources */ = {isa = PBXBuildFile; fileRef = E1CC33A11D3E0C86005FEA04 /* DDASLLogCapture.m */; };
		E1CC35B31D3E0C87005FEA04 /* DDASLLogger.m in Sources */ = {isa = PBXBuildFile; fileRef = E1CC33A31D3E0C86005FEA04 /* DDASLLogger.m */; };
		E1CC35B41D3E0C87005FEA04 /* DDFileLogger.m in Sources */ = {isa = PBXBuildFile; fileRef = E1CC33A61D3E0C86005FEA04 /* DDFileLogger.m */; };
		E1CC35B51D3E0C87005FEA04 /* DDLog.m in Sources */ = {isa = PBXBuildFile; fileRef = E1CC33AA1D3E0C86005FEA04 /* DDLog.m */; };
		E1CC35B61D3E0C87005FEA04 /* DDTTYLogger.m in Sources */ = {isa = PBXBuildFile; fileRef = E1CC33AD1D3E0C86005FEA04 /* DDTTYLogger.m */; };
		E1CC35B71D3E0C87005FEA04 /* DDContextFilterLogFormatter.m in Sources */ = {isa = PBXBuildFile; fileRef = E1CC33B01D3E0C86005FEA04 /* DDContextFilterLogFormatter.m */; };
		E1CC35B81D3E0C87005FEA04 /* DDDispatchQueueLogFormatter.m in Sources */ = {isa = PBXBuildFile; fileRef = E1CC33B21D3E0C86005FEA04 /* DDDispatchQueueLogFormatter.m */; };
		E1CC35B91D3E0C87005FEA04 /* DDMultiFormatter.m in Sources */ = {isa = PBXBuildFile; fileRef = E1CC33B41D3E0C86005FEA04 /* DDMultiFormatter.m */; };
		E1E54D451D90DB5F00487C98 /* WeekDayHeaderView.xib in Resources */ = {isa = PBXBuildFile; fileRef = E1E54D471D90DB5F00487C98 /* WeekDayHeaderView.xib */; };
		E1E54D491D90DC2100487C98 /* TargetMonthlyListCell.xib in Resources */ = {isa = PBXBuildFile; fileRef = E1E54D4B1D90DC2100487C98 /* TargetMonthlyListCell.xib */; };
		E1E54D4D1D90E3A200487C98 /* TargetListCell.xib in Resources */ = {isa = PBXBuildFile; fileRef = E1E54D4F1D90E3A200487C98 /* TargetListCell.xib */; };
		E1E54D531D9110F400487C98 /* NoTargetView.xib in Resources */ = {isa = PBXBuildFile; fileRef = E1E54D551D9110F400487C98 /* NoTargetView.xib */; };
		E1E54D5D1D913A0900487C98 /* SignShareViewController.m in Sources */ = {isa = PBXBuildFile; fileRef = E1E54D5C1D913A0900487C98 /* SignShareViewController.m */; };
		E1F686811D810E8700C3EC49 /* TargetMonthlyListCell.m in Sources */ = {isa = PBXBuildFile; fileRef = E1F6867F1D810E8700C3EC49 /* TargetMonthlyListCell.m */; };
		E1F686851D81116B00C3EC49 /* TargetMonthlyListController.m in Sources */ = {isa = PBXBuildFile; fileRef = E1F686841D81116B00C3EC49 /* TargetMonthlyListController.m */; };
		E1F6868A1D814C9400C3EC49 /* CustInfoSettingViewController.m in Sources */ = {isa = PBXBuildFile; fileRef = E1F686891D814C9400C3EC49 /* CustInfoSettingViewController.m */; };
		E1FEE5151D93C4A600185B51 /* TargetSucceedViewController.m in Sources */ = {isa = PBXBuildFile; fileRef = E1FEE5141D93C4A600185B51 /* TargetSucceedViewController.m */; };
/* End PBXBuildFile section */

/* Begin PBXFileReference section */
		1D6D30A7D20CCE8961D004F6 /* libPods-CYBaseProject.a */ = {isa = PBXFileReference; explicitFileType = archive.ar; includeInIndex = 0; path = "libPods-CYBaseProject.a"; sourceTree = BUILT_PRODUCTS_DIR; };
		4C6DF8E0E3ED207E32706D8A /* Pods-100Days.debug.xcconfig */ = {isa = PBXFileReference; includeInIndex = 1; lastKnownFileType = text.xcconfig; name = "Pods-100Days.debug.xcconfig"; path = "Pods/Target Support Files/Pods-100Days/Pods-100Days.debug.xcconfig"; sourceTree = "<group>"; };
		5EC8616921B563A3832D4712 /* libPods-100Days.a */ = {isa = PBXFileReference; explicitFileType = archive.ar; includeInIndex = 0; path = "libPods-100Days.a"; sourceTree = BUILT_PRODUCTS_DIR; };
		9FD10BD54DF0BBD37CD40756 /* Pods-CYBaseProject.release.xcconfig */ = {isa = PBXFileReference; includeInIndex = 1; lastKnownFileType = text.xcconfig; name = "Pods-CYBaseProject.release.xcconfig"; path = "Pods/Target Support Files/Pods-CYBaseProject/Pods-CYBaseProject.release.xcconfig"; sourceTree = "<group>"; };
		D7A91F0A4A9E7777AA81B93C /* Pods-CYBaseProject.debug.xcconfig */ = {isa = PBXFileReference; includeInIndex = 1; lastKnownFileType = text.xcconfig; name = "Pods-CYBaseProject.debug.xcconfig"; path = "Pods/Target Support Files/Pods-CYBaseProject/Pods-CYBaseProject.debug.xcconfig"; sourceTree = "<group>"; };
		E10ECE411D7D4FA100B15F26 /* CalendarColorDict.plist */ = {isa = PBXFileReference; fileEncoding = 4; lastKnownFileType = text.plist.xml; path = CalendarColorDict.plist; sourceTree = "<group>"; };
		E10ECE441D7D55A200B15F26 /* TargetMonthlySign.h */ = {isa = PBXFileReference; fileEncoding = 4; lastKnownFileType = sourcecode.c.h; path = TargetMonthlySign.h; sourceTree = "<group>"; };
		E10ECE451D7D55A200B15F26 /* TargetMonthlySign.m */ = {isa = PBXFileReference; fileEncoding = 4; lastKnownFileType = sourcecode.c.objc; path = TargetMonthlySign.m; sourceTree = "<group>"; };
		E1112E941D9A18E200890562 /* CYDataPicker.h */ = {isa = PBXFileReference; fileEncoding = 4; lastKnownFileType = sourcecode.c.h; path = CYDataPicker.h; sourceTree = "<group>"; };
		E1112E951D9A18E200890562 /* CYDataPicker.m */ = {isa = PBXFileReference; fileEncoding = 4; lastKnownFileType = sourcecode.c.objc; path = CYDataPicker.m; sourceTree = "<group>"; };
		E135724C1D98C2060057B80F /* TimeReminderViewController.h */ = {isa = PBXFileReference; fileEncoding = 4; lastKnownFileType = sourcecode.c.h; path = TimeReminderViewController.h; sourceTree = "<group>"; };
		E135724D1D98C2060057B80F /* TimeReminderViewController.m */ = {isa = PBXFileReference; fileEncoding = 4; lastKnownFileType = sourcecode.c.objc; path = TimeReminderViewController.m; sourceTree = "<group>"; };
		E135725B1D99212A0057B80F /* CYBasePicker.h */ = {isa = PBXFileReference; fileEncoding = 4; lastKnownFileType = sourcecode.c.h; path = CYBasePicker.h; sourceTree = "<group>"; };
		E135725C1D99212A0057B80F /* CYBasePicker.m */ = {isa = PBXFileReference; fileEncoding = 4; lastKnownFileType = sourcecode.c.objc; path = CYBasePicker.m; sourceTree = "<group>"; };
		E135725F1D99212A0057B80F /* CYDatePicker.h */ = {isa = PBXFileReference; fileEncoding = 4; lastKnownFileType = sourcecode.c.h; path = CYDatePicker.h; sourceTree = "<group>"; };
		E13572601D99212A0057B80F /* CYDatePicker.m */ = {isa = PBXFileReference; fileEncoding = 4; lastKnownFileType = sourcecode.c.objc; path = CYDatePicker.m; sourceTree = "<group>"; };
		E13572611D99212A0057B80F /* CYPicker.h */ = {isa = PBXFileReference; fileEncoding = 4; lastKnownFileType = sourcecode.c.h; path = CYPicker.h; sourceTree = "<group>"; };
		E135CF9F1D91213E00C6D180 /* zh-Hans */ = {isa = PBXFileReference; lastKnownFileType = text.plist.strings; name = "zh-Hans"; path = "zh-Hans.lproj/Main.strings"; sourceTree = "<group>"; };
		E135CFA81D91213E00C6D180 /* Base */ = {isa = PBXFileReference; lastKnownFileType = text.plist.strings; name = Base; path = Base.lproj/InfoPlist.strings; sourceTree = "<group>"; };
		E135CFAA1D91213E00C6D180 /* zh-Hans */ = {isa = PBXFileReference; lastKnownFileType = text.plist.strings; name = "zh-Hans"; path = "zh-Hans.lproj/InfoPlist.strings"; sourceTree = "<group>"; };
		E135CFB51D91213E00C6D180 /* Base */ = {isa = PBXFileReference; lastKnownFileType = text.plist.strings; name = Base; path = Base.lproj/Localizable.strings; sourceTree = "<group>"; };
		E135CFB71D91213E00C6D180 /* zh-Hans */ = {isa = PBXFileReference; lastKnownFileType = text.plist.strings; name = "zh-Hans"; path = "zh-Hans.lproj/Localizable.strings"; sourceTree = "<group>"; };
		E15B83341D7EA97200E1B2CF /* TargetDayViewCell.h */ = {isa = PBXFileReference; fileEncoding = 4; lastKnownFileType = sourcecode.c.h; path = TargetDayViewCell.h; sourceTree = "<group>"; };
		E15B83351D7EA97200E1B2CF /* TargetDayViewCell.m */ = {isa = PBXFileReference; fileEncoding = 4; lastKnownFileType = sourcecode.c.objc; path = TargetDayViewCell.m; sourceTree = "<group>"; };
		E15B83361D7EA97200E1B2CF /* TargetDayViewCell.xib */ = {isa = PBXFileReference; fileEncoding = 4; lastKnownFileType = file.xib; path = TargetDayViewCell.xib; sourceTree = "<group>"; };
		E15B833C1D7EB35000E1B2CF /* WeekDayHeaderView.h */ = {isa = PBXFileReference; fileEncoding = 4; lastKnownFileType = sourcecode.c.h; path = WeekDayHeaderView.h; sourceTree = "<group>"; };
		E15B833D1D7EB35000E1B2CF /* WeekDayHeaderView.m */ = {isa = PBXFileReference; fileEncoding = 4; lastKnownFileType = sourcecode.c.objc; path = WeekDayHeaderView.m; sourceTree = "<group>"; };
		E174FEDB1D7BC52600894AB3 /* DescriptionUtil.h */ = {isa = PBXFileReference; fileEncoding = 4; lastKnownFileType = sourcecode.c.h; path = DescriptionUtil.h; sourceTree = "<group>"; };
		E174FEDC1D7BC52600894AB3 /* DescriptionUtil.m */ = {isa = PBXFileReference; fileEncoding = 4; lastKnownFileType = sourcecode.c.objc; path = DescriptionUtil.m; sourceTree = "<group>"; };
		E174FEDE1D7BD28C00894AB3 /* TargetMonthlyViewController.h */ = {isa = PBXFileReference; fileEncoding = 4; lastKnownFileType = sourcecode.c.h; path = TargetMonthlyViewController.h; sourceTree = "<group>"; };
		E174FEDF1D7BD28C00894AB3 /* TargetMonthlyViewController.m */ = {isa = PBXFileReference; fileEncoding = 4; lastKnownFileType = sourcecode.c.objc; path = TargetMonthlyViewController.m; sourceTree = "<group>"; };
		E186BD7C1D797EE6006D62D5 /* TargetListViewController.h */ = {isa = PBXFileReference; fileEncoding = 4; lastKnownFileType = sourcecode.c.h; path = TargetListViewController.h; sourceTree = "<group>"; };
		E186BD7D1D797EE6006D62D5 /* TargetListViewController.m */ = {isa = PBXFileReference; fileEncoding = 4; lastKnownFileType = sourcecode.c.objc; path = TargetListViewController.m; sourceTree = "<group>"; };
		E18AC85B1D7FBFCE00531F6F /* MonthHeaderView.h */ = {isa = PBXFileReference; fileEncoding = 4; lastKnownFileType = sourcecode.c.h; path = MonthHeaderView.h; sourceTree = "<group>"; };
		E18AC85C1D7FBFCE00531F6F /* MonthHeaderView.m */ = {isa = PBXFileReference; fileEncoding = 4; lastKnownFileType = sourcecode.c.objc; path = MonthHeaderView.m; sourceTree = "<group>"; };
		E18AC85E1D7FEE7E00531F6F /* TargetCalendarDay.h */ = {isa = PBXFileReference; fileEncoding = 4; lastKnownFileType = sourcecode.c.h; path = TargetCalendarDay.h; sourceTree = "<group>"; };
		E18AC85F1D7FEE7E00531F6F /* TargetCalendarDay.m */ = {isa = PBXFileReference; fileEncoding = 4; lastKnownFileType = sourcecode.c.objc; path = TargetCalendarDay.m; sourceTree = "<group>"; };
		E18E4FE91D78087E001EEAA4 /* NSDate+CYCompare.h */ = {isa = PBXFileReference; fileEncoding = 4; lastKnownFileType = sourcecode.c.h; path = "NSDate+CYCompare.h"; sourceTree = "<group>"; };
		E18E4FEA1D78087E001EEAA4 /* NSDate+CYCompare.m */ = {isa = PBXFileReference; fileEncoding = 4; lastKnownFileType = sourcecode.c.objc; path = "NSDate+CYCompare.m"; sourceTree = "<group>"; };
		E1A140B01D3E4CDF00D77589 /* NSString+CYVerification.h */ = {isa = PBXFileReference; fileEncoding = 4; lastKnownFileType = sourcecode.c.h; path = "NSString+CYVerification.h"; sourceTree = "<group>"; };
		E1A140B11D3E4CDF00D77589 /* NSString+CYVerification.m */ = {isa = PBXFileReference; fileEncoding = 4; lastKnownFileType = sourcecode.c.objc; path = "NSString+CYVerification.m"; sourceTree = "<group>"; };
		E1A140B31D3E4CDF00D77589 /* UIColor+HexString.h */ = {isa = PBXFileReference; fileEncoding = 4; lastKnownFileType = sourcecode.c.h; path = "UIColor+HexString.h"; sourceTree = "<group>"; };
		E1A140B41D3E4CDF00D77589 /* UIColor+HexString.m */ = {isa = PBXFileReference; fileEncoding = 4; lastKnownFileType = sourcecode.c.objc; path = "UIColor+HexString.m"; sourceTree = "<group>"; };
		E1A140B61D3E4CDF00D77589 /* UIView+Frame.h */ = {isa = PBXFileReference; fileEncoding = 4; lastKnownFileType = sourcecode.c.h; path = "UIView+Frame.h"; sourceTree = "<group>"; };
		E1A140B71D3E4CDF00D77589 /* UIView+Frame.m */ = {isa = PBXFileReference; fileEncoding = 4; lastKnownFileType = sourcecode.c.objc; path = "UIView+Frame.m"; sourceTree = "<group>"; };
		E1A140B81D3E4CDF00D77589 /* UIView+Toast.h */ = {isa = PBXFileReference; fileEncoding = 4; lastKnownFileType = sourcecode.c.h; path = "UIView+Toast.h"; sourceTree = "<group>"; };
		E1A140B91D3E4CDF00D77589 /* UIView+Toast.m */ = {isa = PBXFileReference; fileEncoding = 4; lastKnownFileType = sourcecode.c.objc; path = "UIView+Toast.m"; sourceTree = "<group>"; };
		E1B3FDE81D7A6DB900489B44 /* CYBaseViewController.h */ = {isa = PBXFileReference; fileEncoding = 4; lastKnownFileType = sourcecode.c.h; path = CYBaseViewController.h; sourceTree = "<group>"; };
		E1B3FDE91D7A6DB900489B44 /* CYBaseViewController.m */ = {isa = PBXFileReference; fileEncoding = 4; lastKnownFileType = sourcecode.c.objc; path = CYBaseViewController.m; sourceTree = "<group>"; };
		E1B3FDEB1D7A70C400489B44 /* TargetListCell.h */ = {isa = PBXFileReference; fileEncoding = 4; lastKnownFileType = sourcecode.c.h; path = TargetListCell.h; sourceTree = "<group>"; };
		E1B3FDEC1D7A70C400489B44 /* TargetListCell.m */ = {isa = PBXFileReference; fileEncoding = 4; lastKnownFileType = sourcecode.c.objc; path = TargetListCell.m; sourceTree = "<group>"; };
		E1BF44AA1D76701A0070900D /* IndexViewController.h */ = {isa = PBXFileReference; fileEncoding = 4; lastKnownFileType = sourcecode.c.h; path = IndexViewController.h; sourceTree = "<group>"; };
		E1BF44AB1D76701A0070900D /* IndexViewController.m */ = {isa = PBXFileReference; fileEncoding = 4; lastKnownFileType = sourcecode.c.objc; path = IndexViewController.m; sourceTree = "<group>"; };
		E1BF44AC1D76701A0070900D /* LeftMenuViewController.h */ = {isa = PBXFileReference; fileEncoding = 4; lastKnownFileType = sourcecode.c.h; path = LeftMenuViewController.h; sourceTree = "<group>"; };
		E1BF44AD1D76701A0070900D /* LeftMenuViewController.m */ = {isa = PBXFileReference; fileEncoding = 4; lastKnownFileType = sourcecode.c.objc; path = LeftMenuViewController.m; sourceTree = "<group>"; };
		E1BF44AE1D76701A0070900D /* MainViewController.h */ = {isa = PBXFileReference; fileEncoding = 4; lastKnownFileType = sourcecode.c.h; path = MainViewController.h; sourceTree = "<group>"; };
		E1BF44AF1D76701A0070900D /* MainViewController.m */ = {isa = PBXFileReference; fileEncoding = 4; lastKnownFileType = sourcecode.c.objc; path = MainViewController.m; sourceTree = "<group>"; };
		E1BF44B31D7673E60070900D /* NoTargetView.h */ = {isa = PBXFileReference; fileEncoding = 4; lastKnownFileType = sourcecode.c.h; path = NoTargetView.h; sourceTree = "<group>"; };
		E1BF44B41D7673E60070900D /* NoTargetView.m */ = {isa = PBXFileReference; fileEncoding = 4; lastKnownFileType = sourcecode.c.objc; path = NoTargetView.m; sourceTree = "<group>"; };
		E1BF44BD1D76C00C0070900D /* SetTargetViewController.h */ = {isa = PBXFileReference; fileEncoding = 4; lastKnownFileType = sourcecode.c.h; path = SetTargetViewController.h; sourceTree = "<group>"; };
		E1BF44BE1D76C00C0070900D /* SetTargetViewController.m */ = {isa = PBXFileReference; fileEncoding = 4; lastKnownFileType = sourcecode.c.objc; path = SetTargetViewController.m; sourceTree = "<group>"; };
		E1BF44C11D76C1320070900D /* UIPlaceHolderTextView.h */ = {isa = PBXFileReference; fileEncoding = 4; lastKnownFileType = sourcecode.c.h; path = UIPlaceHolderTextView.h; sourceTree = "<group>"; };
		E1BF44C21D76C1320070900D /* UIPlaceHolderTextView.m */ = {isa = PBXFileReference; fileEncoding = 4; lastKnownFileType = sourcecode.c.objc; path = UIPlaceHolderTextView.m; sourceTree = "<group>"; };
		E1BF44C71D76D4ED0070900D /* 100DaysTargetModel.xcdatamodel */ = {isa = PBXFileReference; lastKnownFileType = wrapper.xcdatamodel; path = 100DaysTargetModel.xcdatamodel; sourceTree = "<group>"; };
		E1BF44CD1D76D9E60070900D /* CoreDataUtil.h */ = {isa = PBXFileReference; fileEncoding = 4; lastKnownFileType = sourcecode.c.h; path = CoreDataUtil.h; sourceTree = "<group>"; };
		E1BF44CE1D76D9E60070900D /* CoreDataUtil.m */ = {isa = PBXFileReference; fileEncoding = 4; lastKnownFileType = sourcecode.c.objc; path = CoreDataUtil.m; sourceTree = "<group>"; };
		E1BF44D01D76DA8C0070900D /* Target+CoreDataProperties.h */ = {isa = PBXFileReference; fileEncoding = 4; lastKnownFileType = sourcecode.c.h; path = "Target+CoreDataProperties.h"; sourceTree = "<group>"; };
		E1BF44D11D76DA8C0070900D /* Target+CoreDataProperties.m */ = {isa = PBXFileReference; fileEncoding = 4; lastKnownFileType = sourcecode.c.objc; path = "Target+CoreDataProperties.m"; sourceTree = "<group>"; };
		E1BF44D21D76DA8C0070900D /* Target.h */ = {isa = PBXFileReference; fileEncoding = 4; lastKnownFileType = sourcecode.c.h; path = Target.h; sourceTree = "<group>"; };
		E1BF44D31D76DA8C0070900D /* Target.m */ = {isa = PBXFileReference; fileEncoding = 4; lastKnownFileType = sourcecode.c.objc; path = Target.m; sourceTree = "<group>"; };
		E1BF44D41D76DA8C0070900D /* TargetSign+CoreDataProperties.h */ = {isa = PBXFileReference; fileEncoding = 4; lastKnownFileType = sourcecode.c.h; path = "TargetSign+CoreDataProperties.h"; sourceTree = "<group>"; };
		E1BF44D51D76DA8C0070900D /* TargetSign+CoreDataProperties.m */ = {isa = PBXFileReference; fileEncoding = 4; lastKnownFileType = sourcecode.c.objc; path = "TargetSign+CoreDataProperties.m"; sourceTree = "<group>"; };
		E1BF44D61D76DA8C0070900D /* TargetSign.h */ = {isa = PBXFileReference; fileEncoding = 4; lastKnownFileType = sourcecode.c.h; path = TargetSign.h; sourceTree = "<group>"; };
		E1BF44D71D76DA8C0070900D /* TargetSign.m */ = {isa = PBXFileReference; fileEncoding = 4; lastKnownFileType = sourcecode.c.objc; path = TargetSign.m; sourceTree = "<group>"; };
		E1CC2ED11D3E0C1B005FEA04 /* 100Days.app */ = {isa = PBXFileReference; explicitFileType = wrapper.application; includeInIndex = 0; path = 100Days.app; sourceTree = BUILT_PRODUCTS_DIR; };
		E1CC2EEE1D3E0C85005FEA04 /* AppDelegate.h */ = {isa = PBXFileReference; fileEncoding = 4; lastKnownFileType = sourcecode.c.h; path = AppDelegate.h; sourceTree = "<group>"; };
		E1CC2EEF1D3E0C85005FEA04 /* AppDelegate.m */ = {isa = PBXFileReference; fileEncoding = 4; lastKnownFileType = sourcecode.c.objc; path = AppDelegate.m; sourceTree = "<group>"; };
		E1CC2EF11D3E0C85005FEA04 /* Base */ = {isa = PBXFileReference; lastKnownFileType = file.storyboard; name = Base; path = Base.lproj/LaunchScreen.storyboard; sourceTree = "<group>"; };
		E1CC2EF31D3E0C85005FEA04 /* Base */ = {isa = PBXFileReference; lastKnownFileType = file.storyboard; name = Base; path = Base.lproj/Main.storyboard; sourceTree = "<group>"; };
		E1CC2EF41D3E0C85005FEA04 /* main.m */ = {isa = PBXFileReference; fileEncoding = 4; lastKnownFileType = sourcecode.c.objc; path = main.m; sourceTree = "<group>"; };
		E1CC2EF51D3E0C85005FEA04 /* PrefixHeader.pch */ = {isa = PBXFileReference; fileEncoding = 4; lastKnownFileType = sourcecode.c.h; path = PrefixHeader.pch; sourceTree = "<group>"; };
		E1CC2EF71D3E0C85005FEA04 /* Assets.xcassets */ = {isa = PBXFileReference; lastKnownFileType = folder.assetcatalog; path = Assets.xcassets; sourceTree = "<group>"; };
		E1CC2EF91D3E0C85005FEA04 /* MainMacro.h */ = {isa = PBXFileReference; fileEncoding = 4; lastKnownFileType = sourcecode.c.h; path = MainMacro.h; sourceTree = "<group>"; };
		E1CC2EFB1D3E0C85005FEA04 /* Info.plist */ = {isa = PBXFileReference; fileEncoding = 4; lastKnownFileType = text.plist.xml; path = Info.plist; sourceTree = "<group>"; };
		E1CC339B1D3E0C86005FEA04 /* CLIColor.h */ = {isa = PBXFileReference; fileEncoding = 4; lastKnownFileType = sourcecode.c.h; path = CLIColor.h; sourceTree = "<group>"; };
		E1CC339C1D3E0C86005FEA04 /* CLIColor.m */ = {isa = PBXFileReference; fileEncoding = 4; lastKnownFileType = sourcecode.c.objc; path = CLIColor.m; sourceTree = "<group>"; };
		E1CC339D1D3E0C86005FEA04 /* CocoaLumberjack.h */ = {isa = PBXFileReference; fileEncoding = 4; lastKnownFileType = sourcecode.c.h; path = CocoaLumberjack.h; sourceTree = "<group>"; };
		E1CC339E1D3E0C86005FEA04 /* DDAbstractDatabaseLogger.h */ = {isa = PBXFileReference; fileEncoding = 4; lastKnownFileType = sourcecode.c.h; path = DDAbstractDatabaseLogger.h; sourceTree = "<group>"; };
		E1CC339F1D3E0C86005FEA04 /* DDAbstractDatabaseLogger.m */ = {isa = PBXFileReference; fileEncoding = 4; lastKnownFileType = sourcecode.c.objc; path = DDAbstractDatabaseLogger.m; sourceTree = "<group>"; };
		E1CC33A01D3E0C86005FEA04 /* DDASLLogCapture.h */ = {isa = PBXFileReference; fileEncoding = 4; lastKnownFileType = sourcecode.c.h; path = DDASLLogCapture.h; sourceTree = "<group>"; };
		E1CC33A11D3E0C86005FEA04 /* DDASLLogCapture.m */ = {isa = PBXFileReference; fileEncoding = 4; lastKnownFileType = sourcecode.c.objc; path = DDASLLogCapture.m; sourceTree = "<group>"; };
		E1CC33A21D3E0C86005FEA04 /* DDASLLogger.h */ = {isa = PBXFileReference; fileEncoding = 4; lastKnownFileType = sourcecode.c.h; path = DDASLLogger.h; sourceTree = "<group>"; };
		E1CC33A31D3E0C86005FEA04 /* DDASLLogger.m */ = {isa = PBXFileReference; fileEncoding = 4; lastKnownFileType = sourcecode.c.objc; path = DDASLLogger.m; sourceTree = "<group>"; };
		E1CC33A41D3E0C86005FEA04 /* DDAssertMacros.h */ = {isa = PBXFileReference; fileEncoding = 4; lastKnownFileType = sourcecode.c.h; path = DDAssertMacros.h; sourceTree = "<group>"; };
		E1CC33A51D3E0C86005FEA04 /* DDFileLogger.h */ = {isa = PBXFileReference; fileEncoding = 4; lastKnownFileType = sourcecode.c.h; path = DDFileLogger.h; sourceTree = "<group>"; };
		E1CC33A61D3E0C86005FEA04 /* DDFileLogger.m */ = {isa = PBXFileReference; fileEncoding = 4; lastKnownFileType = sourcecode.c.objc; path = DDFileLogger.m; sourceTree = "<group>"; };
		E1CC33A71D3E0C86005FEA04 /* DDLegacyMacros.h */ = {isa = PBXFileReference; fileEncoding = 4; lastKnownFileType = sourcecode.c.h; path = DDLegacyMacros.h; sourceTree = "<group>"; };
		E1CC33A81D3E0C86005FEA04 /* DDLog+LOGV.h */ = {isa = PBXFileReference; fileEncoding = 4; lastKnownFileType = sourcecode.c.h; path = "DDLog+LOGV.h"; sourceTree = "<group>"; };
		E1CC33A91D3E0C86005FEA04 /* DDLog.h */ = {isa = PBXFileReference; fileEncoding = 4; lastKnownFileType = sourcecode.c.h; path = DDLog.h; sourceTree = "<group>"; };
		E1CC33AA1D3E0C86005FEA04 /* DDLog.m */ = {isa = PBXFileReference; fileEncoding = 4; lastKnownFileType = sourcecode.c.objc; path = DDLog.m; sourceTree = "<group>"; };
		E1CC33AB1D3E0C86005FEA04 /* DDLogMacros.h */ = {isa = PBXFileReference; fileEncoding = 4; lastKnownFileType = sourcecode.c.h; path = DDLogMacros.h; sourceTree = "<group>"; };
		E1CC33AC1D3E0C86005FEA04 /* DDTTYLogger.h */ = {isa = PBXFileReference; fileEncoding = 4; lastKnownFileType = sourcecode.c.h; path = DDTTYLogger.h; sourceTree = "<group>"; };
		E1CC33AD1D3E0C86005FEA04 /* DDTTYLogger.m */ = {isa = PBXFileReference; fileEncoding = 4; lastKnownFileType = sourcecode.c.objc; path = DDTTYLogger.m; sourceTree = "<group>"; };
		E1CC33AF1D3E0C86005FEA04 /* DDContextFilterLogFormatter.h */ = {isa = PBXFileReference; fileEncoding = 4; lastKnownFileType = sourcecode.c.h; path = DDContextFilterLogFormatter.h; sourceTree = "<group>"; };
		E1CC33B01D3E0C86005FEA04 /* DDContextFilterLogFormatter.m */ = {isa = PBXFileReference; fileEncoding = 4; lastKnownFileType = sourcecode.c.objc; path = DDContextFilterLogFormatter.m; sourceTree = "<group>"; };
		E1CC33B11D3E0C86005FEA04 /* DDDispatchQueueLogFormatter.h */ = {isa = PBXFileReference; fileEncoding = 4; lastKnownFileType = sourcecode.c.h; path = DDDispatchQueueLogFormatter.h; sourceTree = "<group>"; };
		E1CC33B21D3E0C86005FEA04 /* DDDispatchQueueLogFormatter.m */ = {isa = PBXFileReference; fileEncoding = 4; lastKnownFileType = sourcecode.c.objc; path = DDDispatchQueueLogFormatter.m; sourceTree = "<group>"; };
		E1CC33B31D3E0C86005FEA04 /* DDMultiFormatter.h */ = {isa = PBXFileReference; fileEncoding = 4; lastKnownFileType = sourcecode.c.h; path = DDMultiFormatter.h; sourceTree = "<group>"; };
		E1CC33B41D3E0C86005FEA04 /* DDMultiFormatter.m */ = {isa = PBXFileReference; fileEncoding = 4; lastKnownFileType = sourcecode.c.objc; path = DDMultiFormatter.m; sourceTree = "<group>"; };
		E1E54D461D90DB5F00487C98 /* zh-Hans */ = {isa = PBXFileReference; lastKnownFileType = file.xib; name = "zh-Hans"; path = "zh-Hans.lproj/WeekDayHeaderView.xib"; sourceTree = "<group>"; };
		E1E54D481D90DB6600487C98 /* Base */ = {isa = PBXFileReference; lastKnownFileType = file.xib; name = Base; path = Base.lproj/WeekDayHeaderView.xib; sourceTree = "<group>"; };
		E1E54D4A1D90DC2100487C98 /* zh-Hans */ = {isa = PBXFileReference; lastKnownFileType = file.xib; name = "zh-Hans"; path = "zh-Hans.lproj/TargetMonthlyListCell.xib"; sourceTree = "<group>"; };
		E1E54D4C1D90DC2400487C98 /* Base */ = {isa = PBXFileReference; lastKnownFileType = file.xib; name = Base; path = Base.lproj/TargetMonthlyListCell.xib; sourceTree = "<group>"; };
		E1E54D4E1D90E3A200487C98 /* Base */ = {isa = PBXFileReference; lastKnownFileType = file.xib; name = Base; path = Base.lproj/TargetListCell.xib; sourceTree = "<group>"; };
		E1E54D521D90E43200487C98 /* zh-Hans */ = {isa = PBXFileReference; lastKnownFileType = file.xib; name = "zh-Hans"; path = "zh-Hans.lproj/TargetListCell.xib"; sourceTree = "<group>"; };
		E1E54D541D9110F400487C98 /* Base */ = {isa = PBXFileReference; lastKnownFileType = file.xib; name = Base; path = Base.lproj/NoTargetView.xib; sourceTree = "<group>"; };
		E1E54D581D91117B00487C98 /* zh-Hans */ = {isa = PBXFileReference; lastKnownFileType = file.xib; name = "zh-Hans"; path = "zh-Hans.lproj/NoTargetView.xib"; sourceTree = "<group>"; };
		E1E54D5B1D913A0900487C98 /* SignShareViewController.h */ = {isa = PBXFileReference; fileEncoding = 4; lastKnownFileType = sourcecode.c.h; path = SignShareViewController.h; sourceTree = "<group>"; };
		E1E54D5C1D913A0900487C98 /* SignShareViewController.m */ = {isa = PBXFileReference; fileEncoding = 4; lastKnownFileType = sourcecode.c.objc; path = SignShareViewController.m; sourceTree = "<group>"; };
		E1F6867E1D810E8700C3EC49 /* TargetMonthlyListCell.h */ = {isa = PBXFileReference; fileEncoding = 4; lastKnownFileType = sourcecode.c.h; path = TargetMonthlyListCell.h; sourceTree = "<group>"; };
		E1F6867F1D810E8700C3EC49 /* TargetMonthlyListCell.m */ = {isa = PBXFileReference; fileEncoding = 4; lastKnownFileType = sourcecode.c.objc; path = TargetMonthlyListCell.m; sourceTree = "<group>"; };
		E1F686831D81116B00C3EC49 /* TargetMonthlyListController.h */ = {isa = PBXFileReference; fileEncoding = 4; lastKnownFileType = sourcecode.c.h; path = TargetMonthlyListController.h; sourceTree = "<group>"; };
		E1F686841D81116B00C3EC49 /* TargetMonthlyListController.m */ = {isa = PBXFileReference; fileEncoding = 4; lastKnownFileType = sourcecode.c.objc; path = TargetMonthlyListController.m; sourceTree = "<group>"; };
		E1F686881D814C9400C3EC49 /* CustInfoSettingViewController.h */ = {isa = PBXFileReference; fileEncoding = 4; lastKnownFileType = sourcecode.c.h; path = CustInfoSettingViewController.h; sourceTree = "<group>"; };
		E1F686891D814C9400C3EC49 /* CustInfoSettingViewController.m */ = {isa = PBXFileReference; fileEncoding = 4; lastKnownFileType = sourcecode.c.objc; path = CustInfoSettingViewController.m; sourceTree = "<group>"; };
		E1FEE5131D93C4A600185B51 /* TargetSucceedViewController.h */ = {isa = PBXFileReference; fileEncoding = 4; lastKnownFileType = sourcecode.c.h; path = TargetSucceedViewController.h; sourceTree = "<group>"; };
		E1FEE5141D93C4A600185B51 /* TargetSucceedViewController.m */ = {isa = PBXFileReference; fileEncoding = 4; lastKnownFileType = sourcecode.c.objc; path = TargetSucceedViewController.m; sourceTree = "<group>"; };
		FCDCEDDFCBE034AA29CA0038 /* Pods-100Days.release.xcconfig */ = {isa = PBXFileReference; includeInIndex = 1; lastKnownFileType = text.xcconfig; name = "Pods-100Days.release.xcconfig"; path = "Pods/Target Support Files/Pods-100Days/Pods-100Days.release.xcconfig"; sourceTree = "<group>"; };
/* End PBXFileReference section */

/* Begin PBXFrameworksBuildPhase section */
		E1CC2ECE1D3E0C1B005FEA04 /* Frameworks */ = {
			isa = PBXFrameworksBuildPhase;
			buildActionMask = 2147483647;
			files = (
				696872CAAC6733D6F9917A0E /* libPods-100Days.a in Frameworks */,
			);
			runOnlyForDeploymentPostprocessing = 0;
		};
/* End PBXFrameworksBuildPhase section */

/* Begin PBXGroup section */
		A7D00153F912710157BA5D76 /* Pods */ = {
			isa = PBXGroup;
			children = (
				D7A91F0A4A9E7777AA81B93C /* Pods-CYBaseProject.debug.xcconfig */,
				9FD10BD54DF0BBD37CD40756 /* Pods-CYBaseProject.release.xcconfig */,
				4C6DF8E0E3ED207E32706D8A /* Pods-100Days.debug.xcconfig */,
				FCDCEDDFCBE034AA29CA0038 /* Pods-100Days.release.xcconfig */,
			);
			name = Pods;
			sourceTree = "<group>";
		};
		CD6489A96077A33D816CEBDD /* Frameworks */ = {
			isa = PBXGroup;
			children = (
				1D6D30A7D20CCE8961D004F6 /* libPods-CYBaseProject.a */,
				5EC8616921B563A3832D4712 /* libPods-100Days.a */,
			);
			name = Frameworks;
			sourceTree = "<group>";
		};
		E10ECE431D7D53C300B15F26 /* Model */ = {
			isa = PBXGroup;
			children = (
				E10ECE441D7D55A200B15F26 /* TargetMonthlySign.h */,
				E10ECE451D7D55A200B15F26 /* TargetMonthlySign.m */,
				E18AC85E1D7FEE7E00531F6F /* TargetCalendarDay.h */,
				E18AC85F1D7FEE7E00531F6F /* TargetCalendarDay.m */,
			);
			path = Model;
			sourceTree = "<group>";
		};
		E135725A1D99212A0057B80F /* CYPicker */ = {
			isa = PBXGroup;
			children = (
				E135725B1D99212A0057B80F /* CYBasePicker.h */,
				E135725C1D99212A0057B80F /* CYBasePicker.m */,
				E135725F1D99212A0057B80F /* CYDatePicker.h */,
				E13572601D99212A0057B80F /* CYDatePicker.m */,
				E13572611D99212A0057B80F /* CYPicker.h */,
				E1112E941D9A18E200890562 /* CYDataPicker.h */,
				E1112E951D9A18E200890562 /* CYDataPicker.m */,
			);
			path = CYPicker;
			sourceTree = "<group>";
		};
		E135CFA41D91213E00C6D180 /* Localization */ = {
			isa = PBXGroup;
			children = (
				E135CFA91D91213E00C6D180 /* InfoPlist.strings */,
				E135CFB61D91213E00C6D180 /* Localizable.strings */,
			);
			path = Localization;
			sourceTree = "<group>";
		};
		E174FEDA1D7BC50500894AB3 /* Util */ = {
			isa = PBXGroup;
			children = (
				E174FEDB1D7BC52600894AB3 /* DescriptionUtil.h */,
				E174FEDC1D7BC52600894AB3 /* DescriptionUtil.m */,
			);
			path = Util;
			sourceTree = "<group>";
		};
		E186BD791D797BEA006D62D5 /* Record */ = {
			isa = PBXGroup;
			children = (
				E186BD7A1D797BEA006D62D5 /* Controller */,
				E186BD7B1D797BEA006D62D5 /* View */,
				E10ECE431D7D53C300B15F26 /* Model */,
				E174FEDA1D7BC50500894AB3 /* Util */,
			);
			path = Record;
			sourceTree = "<group>";
		};
		E186BD7A1D797BEA006D62D5 /* Controller */ = {
			isa = PBXGroup;
			children = (
				E186BD7C1D797EE6006D62D5 /* TargetListViewController.h */,
				E186BD7D1D797EE6006D62D5 /* TargetListViewController.m */,
				E174FEDE1D7BD28C00894AB3 /* TargetMonthlyViewController.h */,
				E174FEDF1D7BD28C00894AB3 /* TargetMonthlyViewController.m */,
				E1F686831D81116B00C3EC49 /* TargetMonthlyListController.h */,
				E1F686841D81116B00C3EC49 /* TargetMonthlyListController.m */,
			);
			path = Controller;
			sourceTree = "<group>";
		};
		E186BD7B1D797BEA006D62D5 /* View */ = {
			isa = PBXGroup;
			children = (
				E1B3FDEB1D7A70C400489B44 /* TargetListCell.h */,
				E1B3FDEC1D7A70C400489B44 /* TargetListCell.m */,
				E1E54D4F1D90E3A200487C98 /* TargetListCell.xib */,
				E15B83341D7EA97200E1B2CF /* TargetDayViewCell.h */,
				E15B83351D7EA97200E1B2CF /* TargetDayViewCell.m */,
				E15B83361D7EA97200E1B2CF /* TargetDayViewCell.xib */,
				E15B833C1D7EB35000E1B2CF /* WeekDayHeaderView.h */,
				E15B833D1D7EB35000E1B2CF /* WeekDayHeaderView.m */,
				E1E54D471D90DB5F00487C98 /* WeekDayHeaderView.xib */,
				E18AC85B1D7FBFCE00531F6F /* MonthHeaderView.h */,
				E18AC85C1D7FBFCE00531F6F /* MonthHeaderView.m */,
				E1F6867E1D810E8700C3EC49 /* TargetMonthlyListCell.h */,
				E1F6867F1D810E8700C3EC49 /* TargetMonthlyListCell.m */,
				E1E54D4B1D90DC2100487C98 /* TargetMonthlyListCell.xib */,
			);
			path = View;
			sourceTree = "<group>";
		};
		E18E4FE81D7807E9001EEAA4 /* NSDate */ = {
			isa = PBXGroup;
			children = (
				E18E4FE91D78087E001EEAA4 /* NSDate+CYCompare.h */,
				E18E4FEA1D78087E001EEAA4 /* NSDate+CYCompare.m */,
			);
			path = NSDate;
			sourceTree = "<group>";
		};
		E1A140AF1D3E4CDF00D77589 /* NSString */ = {
			isa = PBXGroup;
			children = (
				E1A140B01D3E4CDF00D77589 /* NSString+CYVerification.h */,
				E1A140B11D3E4CDF00D77589 /* NSString+CYVerification.m */,
			);
			path = NSString;
			sourceTree = "<group>";
		};
		E1A140B21D3E4CDF00D77589 /* UIColor */ = {
			isa = PBXGroup;
			children = (
				E1A140B31D3E4CDF00D77589 /* UIColor+HexString.h */,
				E1A140B41D3E4CDF00D77589 /* UIColor+HexString.m */,
			);
			path = UIColor;
			sourceTree = "<group>";
		};
		E1A140B51D3E4CDF00D77589 /* UIView */ = {
			isa = PBXGroup;
			children = (
				E1A140B61D3E4CDF00D77589 /* UIView+Frame.h */,
				E1A140B71D3E4CDF00D77589 /* UIView+Frame.m */,
				E1A140B81D3E4CDF00D77589 /* UIView+Toast.h */,
				E1A140B91D3E4CDF00D77589 /* UIView+Toast.m */,
			);
			path = UIView;
			sourceTree = "<group>";
		};
		E1B3FDE71D7A6DB900489B44 /* CYBaseViewController */ = {
			isa = PBXGroup;
			children = (
				E1B3FDE81D7A6DB900489B44 /* CYBaseViewController.h */,
				E1B3FDE91D7A6DB900489B44 /* CYBaseViewController.m */,
			);
			path = CYBaseViewController;
			sourceTree = "<group>";
		};
		E1BF44A71D766FE50070900D /* Index */ = {
			isa = PBXGroup;
			children = (
				E1BF44A81D766FE50070900D /* Controller */,
				E1BF44A91D766FE50070900D /* View */,
				E1BF44CB1D76D99E0070900D /* Model */,
				E1BF44CC1D76D99E0070900D /* Util */,
			);
			path = Index;
			sourceTree = "<group>";
		};
		E1BF44A81D766FE50070900D /* Controller */ = {
			isa = PBXGroup;
			children = (
				E1BF44AA1D76701A0070900D /* IndexViewController.h */,
				E1BF44AB1D76701A0070900D /* IndexViewController.m */,
				E1BF44AC1D76701A0070900D /* LeftMenuViewController.h */,
				E1BF44AD1D76701A0070900D /* LeftMenuViewController.m */,
				E1BF44AE1D76701A0070900D /* MainViewController.h */,
				E1BF44AF1D76701A0070900D /* MainViewController.m */,
				E1FEE5131D93C4A600185B51 /* TargetSucceedViewController.h */,
				E1FEE5141D93C4A600185B51 /* TargetSucceedViewController.m */,
			);
			path = Controller;
			sourceTree = "<group>";
		};
		E1BF44A91D766FE50070900D /* View */ = {
			isa = PBXGroup;
			children = (
				E1BF44B31D7673E60070900D /* NoTargetView.h */,
				E1BF44B41D7673E60070900D /* NoTargetView.m */,
				E1E54D551D9110F400487C98 /* NoTargetView.xib */,
			);
			path = View;
			sourceTree = "<group>";
		};
		E1BF44BB1D76BFD70070900D /* Setting */ = {
			isa = PBXGroup;
			children = (
				E1BF44BC1D76BFD70070900D /* Controller */,
				E1BF44C01D76C1190070900D /* View */,
			);
			path = Setting;
			sourceTree = "<group>";
		};
		E1BF44BC1D76BFD70070900D /* Controller */ = {
			isa = PBXGroup;
			children = (
				E1BF44BD1D76C00C0070900D /* SetTargetViewController.h */,
				E1BF44BE1D76C00C0070900D /* SetTargetViewController.m */,
				E1F686881D814C9400C3EC49 /* CustInfoSettingViewController.h */,
				E1F686891D814C9400C3EC49 /* CustInfoSettingViewController.m */,
				E135724C1D98C2060057B80F /* TimeReminderViewController.h */,
				E135724D1D98C2060057B80F /* TimeReminderViewController.m */,
			);
			path = Controller;
			sourceTree = "<group>";
		};
		E1BF44C01D76C1190070900D /* View */ = {
			isa = PBXGroup;
			children = (
				E135725A1D99212A0057B80F /* CYPicker */,
				E1BF44C11D76C1320070900D /* UIPlaceHolderTextView.h */,
				E1BF44C21D76C1320070900D /* UIPlaceHolderTextView.m */,
			);
			path = View;
			sourceTree = "<group>";
		};
		E1BF44C41D76D3FF0070900D /* CoreData */ = {
			isa = PBXGroup;
			children = (
				E1BF44C61D76D4ED0070900D /* 100DaysTargetModel.xcdatamodeld */,
			);
			name = CoreData;
			path = DataBase;
			sourceTree = "<group>";
		};
		E1BF44CB1D76D99E0070900D /* Model */ = {
			isa = PBXGroup;
			children = (
				E1BF44D01D76DA8C0070900D /* Target+CoreDataProperties.h */,
				E1BF44D11D76DA8C0070900D /* Target+CoreDataProperties.m */,
				E1BF44D21D76DA8C0070900D /* Target.h */,
				E1BF44D31D76DA8C0070900D /* Target.m */,
				E1BF44D41D76DA8C0070900D /* TargetSign+CoreDataProperties.h */,
				E1BF44D51D76DA8C0070900D /* TargetSign+CoreDataProperties.m */,
				E1BF44D61D76DA8C0070900D /* TargetSign.h */,
				E1BF44D71D76DA8C0070900D /* TargetSign.m */,
			);
			path = Model;
			sourceTree = "<group>";
		};
		E1BF44CC1D76D99E0070900D /* Util */ = {
			isa = PBXGroup;
			children = (
				E1BF44CD1D76D9E60070900D /* CoreDataUtil.h */,
				E1BF44CE1D76D9E60070900D /* CoreDataUtil.m */,
			);
			path = Util;
			sourceTree = "<group>";
		};
		E1CC2EC81D3E0C1B005FEA04 = {
			isa = PBXGroup;
			children = (
				E1CC2ED31D3E0C1B005FEA04 /* CYBaseProject */,
				E1CC2ED21D3E0C1B005FEA04 /* Products */,
				A7D00153F912710157BA5D76 /* Pods */,
				CD6489A96077A33D816CEBDD /* Frameworks */,
			);
			sourceTree = "<group>";
		};
		E1CC2ED21D3E0C1B005FEA04 /* Products */ = {
			isa = PBXGroup;
			children = (
				E1CC2ED11D3E0C1B005FEA04 /* 100Days.app */,
			);
			name = Products;
			sourceTree = "<group>";
		};
		E1CC2ED31D3E0C1B005FEA04 /* CYBaseProject */ = {
			isa = PBXGroup;
			children = (
				E1CC2EEB1D3E0C85005FEA04 /* Classes */,
				E1CC2EEC1D3E0C85005FEA04 /* Resource */,
				E1CC2EFC1D3E0C85005FEA04 /* Vender */,
			);
			path = CYBaseProject;
			sourceTree = "<group>";
		};
		E1CC2EEB1D3E0C85005FEA04 /* Classes */ = {
			isa = PBXGroup;
			children = (
				E1E54D591D91387300487C98 /* Share */,
				E186BD791D797BEA006D62D5 /* Record */,
				E1BF44BB1D76BFD70070900D /* Setting */,
				E1BF44A71D766FE50070900D /* Index */,
			);
			path = Classes;
			sourceTree = "<group>";
		};
		E1CC2EEC1D3E0C85005FEA04 /* Resource */ = {
			isa = PBXGroup;
			children = (
				E135CFA41D91213E00C6D180 /* Localization */,
				E1BF44C41D76D3FF0070900D /* CoreData */,
				E1CC2EED1D3E0C85005FEA04 /* Global */,
				E1CC2EF61D3E0C85005FEA04 /* Image */,
				E1CC2EF81D3E0C85005FEA04 /* Macro */,
				E1CC2EFA1D3E0C85005FEA04 /* Plist */,
			);
			path = Resource;
			sourceTree = "<group>";
		};
		E1CC2EED1D3E0C85005FEA04 /* Global */ = {
			isa = PBXGroup;
			children = (
				E1CC2EEE1D3E0C85005FEA04 /* AppDelegate.h */,
				E1CC2EEF1D3E0C85005FEA04 /* AppDelegate.m */,
				E1CC2EF01D3E0C85005FEA04 /* LaunchScreen.storyboard */,
				E1CC2EF21D3E0C85005FEA04 /* Main.storyboard */,
				E1CC2EF41D3E0C85005FEA04 /* main.m */,
				E1CC2EF51D3E0C85005FEA04 /* PrefixHeader.pch */,
			);
			path = Global;
			sourceTree = "<group>";
		};
		E1CC2EF61D3E0C85005FEA04 /* Image */ = {
			isa = PBXGroup;
			children = (
				E1CC2EF71D3E0C85005FEA04 /* Assets.xcassets */,
			);
			path = Image;
			sourceTree = "<group>";
		};
		E1CC2EF81D3E0C85005FEA04 /* Macro */ = {
			isa = PBXGroup;
			children = (
				E1CC2EF91D3E0C85005FEA04 /* MainMacro.h */,
			);
			path = Macro;
			sourceTree = "<group>";
		};
		E1CC2EFA1D3E0C85005FEA04 /* Plist */ = {
			isa = PBXGroup;
			children = (
				E1CC2EFB1D3E0C85005FEA04 /* Info.plist */,
				E10ECE411D7D4FA100B15F26 /* CalendarColorDict.plist */,
			);
			path = Plist;
			sourceTree = "<group>";
		};
		E1CC2EFC1D3E0C85005FEA04 /* Vender */ = {
			isa = PBXGroup;
			children = (
				E1CC36F11D3E11B8005FEA04 /* MyLib */,
				E1CC35DA1D3E1195005FEA04 /* ThirdLib */,
				E1CC2EFD1D3E0C85005FEA04 /* Category */,
				E1CC33141D3E0C86005FEA04 /* SDKFile */,
				E1CC33981D3E0C86005FEA04 /* Tool */,
			);
			path = Vender;
			sourceTree = "<group>";
		};
		E1CC2EFD1D3E0C85005FEA04 /* Category */ = {
			isa = PBXGroup;
			children = (
				E18E4FE81D7807E9001EEAA4 /* NSDate */,
				E1A140AF1D3E4CDF00D77589 /* NSString */,
				E1A140B21D3E4CDF00D77589 /* UIColor */,
				E1A140B51D3E4CDF00D77589 /* UIView */,
			);
			path = Category;
			sourceTree = "<group>";
		};
		E1CC33141D3E0C86005FEA04 /* SDKFile */ = {
			isa = PBXGroup;
			children = (
			);
			path = SDKFile;
			sourceTree = "<group>";
		};
		E1CC33981D3E0C86005FEA04 /* Tool */ = {
			isa = PBXGroup;
			children = (
				E1CC33991D3E0C86005FEA04 /* Lumberjack */,
			);
			path = Tool;
			sourceTree = "<group>";
		};
		E1CC33991D3E0C86005FEA04 /* Lumberjack */ = {
			isa = PBXGroup;
			children = (
				E1CC339A1D3E0C86005FEA04 /* CLI */,
				E1CC339D1D3E0C86005FEA04 /* CocoaLumberjack.h */,
				E1CC339E1D3E0C86005FEA04 /* DDAbstractDatabaseLogger.h */,
				E1CC339F1D3E0C86005FEA04 /* DDAbstractDatabaseLogger.m */,
				E1CC33A01D3E0C86005FEA04 /* DDASLLogCapture.h */,
				E1CC33A11D3E0C86005FEA04 /* DDASLLogCapture.m */,
				E1CC33A21D3E0C86005FEA04 /* DDASLLogger.h */,
				E1CC33A31D3E0C86005FEA04 /* DDASLLogger.m */,
				E1CC33A41D3E0C86005FEA04 /* DDAssertMacros.h */,
				E1CC33A51D3E0C86005FEA04 /* DDFileLogger.h */,
				E1CC33A61D3E0C86005FEA04 /* DDFileLogger.m */,
				E1CC33A71D3E0C86005FEA04 /* DDLegacyMacros.h */,
				E1CC33A81D3E0C86005FEA04 /* DDLog+LOGV.h */,
				E1CC33A91D3E0C86005FEA04 /* DDLog.h */,
				E1CC33AA1D3E0C86005FEA04 /* DDLog.m */,
				E1CC33AB1D3E0C86005FEA04 /* DDLogMacros.h */,
				E1CC33AC1D3E0C86005FEA04 /* DDTTYLogger.h */,
				E1CC33AD1D3E0C86005FEA04 /* DDTTYLogger.m */,
				E1CC33AE1D3E0C86005FEA04 /* Extensions */,
			);
			path = Lumberjack;
			sourceTree = "<group>";
		};
		E1CC339A1D3E0C86005FEA04 /* CLI */ = {
			isa = PBXGroup;
			children = (
				E1CC339B1D3E0C86005FEA04 /* CLIColor.h */,
				E1CC339C1D3E0C86005FEA04 /* CLIColor.m */,
			);
			path = CLI;
			sourceTree = "<group>";
		};
		E1CC33AE1D3E0C86005FEA04 /* Extensions */ = {
			isa = PBXGroup;
			children = (
				E1CC33AF1D3E0C86005FEA04 /* DDContextFilterLogFormatter.h */,
				E1CC33B01D3E0C86005FEA04 /* DDContextFilterLogFormatter.m */,
				E1CC33B11D3E0C86005FEA04 /* DDDispatchQueueLogFormatter.h */,
				E1CC33B21D3E0C86005FEA04 /* DDDispatchQueueLogFormatter.m */,
				E1CC33B31D3E0C86005FEA04 /* DDMultiFormatter.h */,
				E1CC33B41D3E0C86005FEA04 /* DDMultiFormatter.m */,
			);
			path = Extensions;
			sourceTree = "<group>";
		};
		E1CC35DA1D3E1195005FEA04 /* ThirdLib */ = {
			isa = PBXGroup;
			children = (
			);
			path = ThirdLib;
			sourceTree = "<group>";
		};
		E1CC36F11D3E11B8005FEA04 /* MyLib */ = {
			isa = PBXGroup;
			children = (
				E1B3FDE71D7A6DB900489B44 /* CYBaseViewController */,
			);
			path = MyLib;
			sourceTree = "<group>";
		};
		E1E54D591D91387300487C98 /* Share */ = {
			isa = PBXGroup;
			children = (
				E1E54D5A1D91387300487C98 /* Controller */,
			);
			path = Share;
			sourceTree = "<group>";
		};
		E1E54D5A1D91387300487C98 /* Controller */ = {
			isa = PBXGroup;
			children = (
				E1E54D5B1D913A0900487C98 /* SignShareViewController.h */,
				E1E54D5C1D913A0900487C98 /* SignShareViewController.m */,
			);
			path = Controller;
			sourceTree = "<group>";
		};
/* End PBXGroup section */

/* Begin PBXNativeTarget section */
		E1CC2ED01D3E0C1B005FEA04 /* 100Days */ = {
			isa = PBXNativeTarget;
			buildConfigurationList = E1CC2EE81D3E0C1B005FEA04 /* Build configuration list for PBXNativeTarget "100Days" */;
			buildPhases = (
				23F97AD6B2132D39D78299A4 /* [CP] Check Pods Manifest.lock */,
				E1CC2ECD1D3E0C1B005FEA04 /* Sources */,
				E1CC2ECE1D3E0C1B005FEA04 /* Frameworks */,
				E1CC2ECF1D3E0C1B005FEA04 /* Resources */,
				E46BB4A2FB304D362686A6B3 /* [CP] Embed Pods Frameworks */,
				B5C1145B83FDE7451C64CD28 /* [CP] Copy Pods Resources */,
			);
			buildRules = (
			);
			dependencies = (
			);
			name = 100Days;
			productName = CYBaseProject;
			productReference = E1CC2ED11D3E0C1B005FEA04 /* 100Days.app */;
			productType = "com.apple.product-type.application";
		};
/* End PBXNativeTarget section */

/* Begin PBXProject section */
		E1CC2EC91D3E0C1B005FEA04 /* Project object */ = {
			isa = PBXProject;
			attributes = {
				LastUpgradeCheck = 0730;
				ORGANIZATIONNAME = CY.Lee;
				TargetAttributes = {
					E1CC2ED01D3E0C1B005FEA04 = {
						CreatedOnToolsVersion = 7.3.1;
						DevelopmentTeam = test;
						SystemCapabilities = {
							com.apple.Push = {
								enabled = 0;
							};
						};
					};
				};
			};
			buildConfigurationList = E1CC2ECC1D3E0C1B005FEA04 /* Build configuration list for PBXProject "100Days" */;
			compatibilityVersion = "Xcode 3.2";
			developmentRegion = English;
			hasScannedForEncodings = 0;
			knownRegions = (
				en,
				Base,
				"zh-Hans",
			);
			mainGroup = E1CC2EC81D3E0C1B005FEA04;
			productRefGroup = E1CC2ED21D3E0C1B005FEA04 /* Products */;
			projectDirPath = "";
			projectRoot = "";
			targets = (
				E1CC2ED01D3E0C1B005FEA04 /* 100Days */,
			);
		};
/* End PBXProject section */

/* Begin PBXResourcesBuildPhase section */
		E1CC2ECF1D3E0C1B005FEA04 /* Resources */ = {
			isa = PBXResourcesBuildPhase;
			buildActionMask = 2147483647;
			files = (
				E1E54D531D9110F400487C98 /* NoTargetView.xib in Resources */,
				E135CFB41D91213E00C6D180 /* Localizable.strings in Resources */,
				E10ECE421D7D4FA100B15F26 /* CalendarColorDict.plist in Resources */,
				E1E54D4D1D90E3A200487C98 /* TargetListCell.xib in Resources */,
				E1CC33B61D3E0C86005FEA04 /* LaunchScreen.storyboard in Resources */,
				E1E54D451D90DB5F00487C98 /* WeekDayHeaderView.xib in Resources */,
				E1CC33B91D3E0C86005FEA04 /* Assets.xcassets in Resources */,
				E1E54D491D90DC2100487C98 /* TargetMonthlyListCell.xib in Resources */,
				E1CC33B71D3E0C86005FEA04 /* Main.storyboard in Resources */,
				E135CFA71D91213E00C6D180 /* InfoPlist.strings in Resources */,
				E15B83381D7EA97200E1B2CF /* TargetDayViewCell.xib in Resources */,
			);
			runOnlyForDeploymentPostprocessing = 0;
		};
/* End PBXResourcesBuildPhase section */

/* Begin PBXShellScriptBuildPhase section */
		23F97AD6B2132D39D78299A4 /* [CP] Check Pods Manifest.lock */ = {
			isa = PBXShellScriptBuildPhase;
			buildActionMask = 2147483647;
			files = (
			);
			inputPaths = (
			);
			name = "[CP] Check Pods Manifest.lock";
			outputPaths = (
			);
			runOnlyForDeploymentPostprocessing = 0;
			shellPath = /bin/sh;
			shellScript = "diff \"${PODS_ROOT}/../Podfile.lock\" \"${PODS_ROOT}/Manifest.lock\" > /dev/null\nif [[ $? != 0 ]] ; then\n    cat << EOM\nerror: The sandbox is not in sync with the Podfile.lock. Run 'pod install' or update your CocoaPods installation.\nEOM\n    exit 1\nfi\n";
			showEnvVarsInLog = 0;
		};
		B5C1145B83FDE7451C64CD28 /* [CP] Copy Pods Resources */ = {
			isa = PBXShellScriptBuildPhase;
			buildActionMask = 2147483647;
			files = (
			);
			inputPaths = (
			);
			name = "[CP] Copy Pods Resources";
			outputPaths = (
			);
			runOnlyForDeploymentPostprocessing = 0;
			shellPath = /bin/sh;
			shellScript = "\"${SRCROOT}/Pods/Target Support Files/Pods-100Days/Pods-100Days-resources.sh\"\n";
			showEnvVarsInLog = 0;
		};
		E46BB4A2FB304D362686A6B3 /* [CP] Embed Pods Frameworks */ = {
			isa = PBXShellScriptBuildPhase;
			buildActionMask = 2147483647;
			files = (
			);
			inputPaths = (
			);
			name = "[CP] Embed Pods Frameworks";
			outputPaths = (
			);
			runOnlyForDeploymentPostprocessing = 0;
			shellPath = /bin/sh;
			shellScript = "\"${SRCROOT}/Pods/Target Support Files/Pods-100Days/Pods-100Days-frameworks.sh\"\n";
			showEnvVarsInLog = 0;
		};
/* End PBXShellScriptBuildPhase section */

/* Begin PBXSourcesBuildPhase section */
		E1CC2ECD1D3E0C1B005FEA04 /* Sources */ = {
			isa = PBXSourcesBuildPhase;
			buildActionMask = 2147483647;
			files = (
				E18AC85D1D7FBFCE00531F6F /* MonthHeaderView.m in Sources */,
				E1BF44B51D7673E60070900D /* NoTargetView.m in Sources */,
				E1F686851D81116B00C3EC49 /* TargetMonthlyListController.m in Sources */,
				E1CC35B21D3E0C87005FEA04 /* DDASLLogCapture.m in Sources */,
				E18AC8601D7FEE7E00531F6F /* TargetCalendarDay.m in Sources */,
				E174FEDD1D7BC52600894AB3 /* DescriptionUtil.m in Sources */,
				E1CC35B51D3E0C87005FEA04 /* DDLog.m in Sources */,
				E1BF44B21D76701A0070900D /* MainViewController.m in Sources */,
				E1A140BB1D3E4CDF00D77589 /* UIColor+HexString.m in Sources */,
				E1A140BD1D3E4CDF00D77589 /* UIView+Toast.m in Sources */,
				E1B3FDEA1D7A6DB900489B44 /* CYBaseViewController.m in Sources */,
				E1CC35B01D3E0C87005FEA04 /* CLIColor.m in Sources */,
				E15B83371D7EA97200E1B2CF /* TargetDayViewCell.m in Sources */,
				E1B3FDEE1D7A70C400489B44 /* TargetListCell.m in Sources */,
				E1BF44DB1D76DA8C0070900D /* TargetSign.m in Sources */,
				E1BF44CF1D76D9E60070900D /* CoreDataUtil.m in Sources */,
				E1CC35B81D3E0C87005FEA04 /* DDDispatchQueueLogFormatter.m in Sources */,
				E13572641D99212A0057B80F /* CYDatePicker.m in Sources */,
				E1CC35B11D3E0C87005FEA04 /* DDAbstractDatabaseLogger.m in Sources */,
				E1BF44BF1D76C00C0070900D /* SetTargetViewController.m in Sources */,
				E1CC35B71D3E0C87005FEA04 /* DDContextFilterLogFormatter.m in Sources */,
				E1BF44DA1D76DA8C0070900D /* TargetSign+CoreDataProperties.m in Sources */,
				E10ECE461D7D55A200B15F26 /* TargetMonthlySign.m in Sources */,
				E1CC33B81D3E0C86005FEA04 /* main.m in Sources */,
				E1E54D5D1D913A0900487C98 /* SignShareViewController.m in Sources */,
				E13572621D99212A0057B80F /* CYBasePicker.m in Sources */,
				E135724E1D98C2060057B80F /* TimeReminderViewController.m in Sources */,
				E1A140BA1D3E4CDF00D77589 /* NSString+CYVerification.m in Sources */,
				E1BF44B01D76701A0070900D /* IndexViewController.m in Sources */,
				E1F6868A1D814C9400C3EC49 /* CustInfoSettingViewController.m in Sources */,
				E1BF44D81D76DA8C0070900D /* Target+CoreDataProperties.m in Sources */,
				E1F686811D810E8700C3EC49 /* TargetMonthlyListCell.m in Sources */,
				E174FEE01D7BD28C00894AB3 /* TargetMonthlyViewController.m in Sources */,
				E1FEE5151D93C4A600185B51 /* TargetSucceedViewController.m in Sources */,
				E1A140BC1D3E4CDF00D77589 /* UIView+Frame.m in Sources */,
				E186BD7E1D797EE6006D62D5 /* TargetListViewController.m in Sources */,
				E1CC35B91D3E0C87005FEA04 /* DDMultiFormatter.m in Sources */,
				E1BF44C81D76D4ED0070900D /* 100DaysTargetModel.xcdatamodeld in Sources */,
				E1CC35B41D3E0C87005FEA04 /* DDFileLogger.m in Sources */,
				E1112E961D9A18E200890562 /* CYDataPicker.m in Sources */,
				E1BF44C31D76C1320070900D /* UIPlaceHolderTextView.m in Sources */,
				E1CC35B61D3E0C87005FEA04 /* DDTTYLogger.m in Sources */,
				E1BF44D91D76DA8C0070900D /* Target.m in Sources */,
				E18E4FEB1D78087E001EEAA4 /* NSDate+CYCompare.m in Sources */,
				E15B833E1D7EB35000E1B2CF /* WeekDayHeaderView.m in Sources */,
				E1CC33B51D3E0C86005FEA04 /* AppDelegate.m in Sources */,
				E1CC35B31D3E0C87005FEA04 /* DDASLLogger.m in Sources */,
				E1BF44B11D76701A0070900D /* LeftMenuViewController.m in Sources */,
			);
			runOnlyForDeploymentPostprocessing = 0;
		};
/* End PBXSourcesBuildPhase section */

/* Begin PBXVariantGroup section */
		E135CFA91D91213E00C6D180 /* InfoPlist.strings */ = {
			isa = PBXVariantGroup;
			children = (
				E135CFA81D91213E00C6D180 /* Base */,
				E135CFAA1D91213E00C6D180 /* zh-Hans */,
			);
			name = InfoPlist.strings;
			sourceTree = "<group>";
		};
		E135CFB61D91213E00C6D180 /* Localizable.strings */ = {
			isa = PBXVariantGroup;
			children = (
				E135CFB51D91213E00C6D180 /* Base */,
				E135CFB71D91213E00C6D180 /* zh-Hans */,
			);
			name = Localizable.strings;
			sourceTree = "<group>";
		};
		E1CC2EF01D3E0C85005FEA04 /* LaunchScreen.storyboard */ = {
			isa = PBXVariantGroup;
			children = (
				E1CC2EF11D3E0C85005FEA04 /* Base */,
			);
			name = LaunchScreen.storyboard;
			sourceTree = "<group>";
		};
		E1CC2EF21D3E0C85005FEA04 /* Main.storyboard */ = {
			isa = PBXVariantGroup;
			children = (
				E1CC2EF31D3E0C85005FEA04 /* Base */,
				E135CF9F1D91213E00C6D180 /* zh-Hans */,
			);
			name = Main.storyboard;
			sourceTree = "<group>";
		};
		E1E54D471D90DB5F00487C98 /* WeekDayHeaderView.xib */ = {
			isa = PBXVariantGroup;
			children = (
				E1E54D461D90DB5F00487C98 /* zh-Hans */,
				E1E54D481D90DB6600487C98 /* Base */,
			);
			name = WeekDayHeaderView.xib;
			sourceTree = "<group>";
		};
		E1E54D4B1D90DC2100487C98 /* TargetMonthlyListCell.xib */ = {
			isa = PBXVariantGroup;
			children = (
				E1E54D4A1D90DC2100487C98 /* zh-Hans */,
				E1E54D4C1D90DC2400487C98 /* Base */,
			);
			name = TargetMonthlyListCell.xib;
			sourceTree = "<group>";
		};
		E1E54D4F1D90E3A200487C98 /* TargetListCell.xib */ = {
			isa = PBXVariantGroup;
			children = (
				E1E54D4E1D90E3A200487C98 /* Base */,
				E1E54D521D90E43200487C98 /* zh-Hans */,
			);
			name = TargetListCell.xib;
			sourceTree = "<group>";
		};
		E1E54D551D9110F400487C98 /* NoTargetView.xib */ = {
			isa = PBXVariantGroup;
			children = (
				E1E54D541D9110F400487C98 /* Base */,
				E1E54D581D91117B00487C98 /* zh-Hans */,
			);
			name = NoTargetView.xib;
			sourceTree = "<group>";
		};
/* End PBXVariantGroup section */

/* Begin XCBuildConfiguration section */
		E1CC2EE61D3E0C1B005FEA04 /* Debug */ = {
			isa = XCBuildConfiguration;
			buildSettings = {
				ALWAYS_SEARCH_USER_PATHS = NO;
				CLANG_ANALYZER_NONNULL = YES;
				CLANG_CXX_LANGUAGE_STANDARD = "gnu++0x";
				CLANG_CXX_LIBRARY = "libc++";
				CLANG_ENABLE_MODULES = YES;
				CLANG_ENABLE_OBJC_ARC = YES;
				CLANG_WARN_BOOL_CONVERSION = YES;
				CLANG_WARN_CONSTANT_CONVERSION = YES;
				CLANG_WARN_DIRECT_OBJC_ISA_USAGE = YES_ERROR;
				CLANG_WARN_EMPTY_BODY = YES;
				CLANG_WARN_ENUM_CONVERSION = YES;
				CLANG_WARN_INT_CONVERSION = YES;
				CLANG_WARN_OBJC_ROOT_CLASS = YES_ERROR;
				CLANG_WARN_UNREACHABLE_CODE = YES;
				CLANG_WARN__DUPLICATE_METHOD_MATCH = YES;
				"CODE_SIGN_IDENTITY[sdk=iphoneos*]" = "iPhone Developer";
				COPY_PHASE_STRIP = NO;
				DEBUG_INFORMATION_FORMAT = dwarf;
				ENABLE_STRICT_OBJC_MSGSEND = YES;
				ENABLE_TESTABILITY = YES;
				GCC_C_LANGUAGE_STANDARD = gnu99;
				GCC_DYNAMIC_NO_PIC = NO;
				GCC_NO_COMMON_BLOCKS = YES;
				GCC_OPTIMIZATION_LEVEL = 0;
				GCC_PREPROCESSOR_DEFINITIONS = (
					"DEBUG=1",
					"$(inherited)",
				);
				GCC_WARN_64_TO_32_BIT_CONVERSION = YES;
				GCC_WARN_ABOUT_RETURN_TYPE = YES_ERROR;
				GCC_WARN_UNDECLARED_SELECTOR = YES;
				GCC_WARN_UNINITIALIZED_AUTOS = YES_AGGRESSIVE;
				GCC_WARN_UNUSED_FUNCTION = YES;
				GCC_WARN_UNUSED_VARIABLE = YES;
				IPHONEOS_DEPLOYMENT_TARGET = 9.3;
				MTL_ENABLE_DEBUG_INFO = YES;
				ONLY_ACTIVE_ARCH = YES;
				SDKROOT = iphoneos;
			};
			name = Debug;
		};
		E1CC2EE71D3E0C1B005FEA04 /* Release */ = {
			isa = XCBuildConfiguration;
			buildSettings = {
				ALWAYS_SEARCH_USER_PATHS = NO;
				CLANG_ANALYZER_NONNULL = YES;
				CLANG_CXX_LANGUAGE_STANDARD = "gnu++0x";
				CLANG_CXX_LIBRARY = "libc++";
				CLANG_ENABLE_MODULES = YES;
				CLANG_ENABLE_OBJC_ARC = YES;
				CLANG_WARN_BOOL_CONVERSION = YES;
				CLANG_WARN_CONSTANT_CONVERSION = YES;
				CLANG_WARN_DIRECT_OBJC_ISA_USAGE = YES_ERROR;
				CLANG_WARN_EMPTY_BODY = YES;
				CLANG_WARN_ENUM_CONVERSION = YES;
				CLANG_WARN_INT_CONVERSION = YES;
				CLANG_WARN_OBJC_ROOT_CLASS = YES_ERROR;
				CLANG_WARN_UNREACHABLE_CODE = YES;
				CLANG_WARN__DUPLICATE_METHOD_MATCH = YES;
				"CODE_SIGN_IDENTITY[sdk=iphoneos*]" = "iPhone Developer";
				COPY_PHASE_STRIP = NO;
				DEBUG_INFORMATION_FORMAT = "dwarf-with-dsym";
				ENABLE_NS_ASSERTIONS = NO;
				ENABLE_STRICT_OBJC_MSGSEND = YES;
				GCC_C_LANGUAGE_STANDARD = gnu99;
				GCC_NO_COMMON_BLOCKS = YES;
				GCC_WARN_64_TO_32_BIT_CONVERSION = YES;
				GCC_WARN_ABOUT_RETURN_TYPE = YES_ERROR;
				GCC_WARN_UNDECLARED_SELECTOR = YES;
				GCC_WARN_UNINITIALIZED_AUTOS = YES_AGGRESSIVE;
				GCC_WARN_UNUSED_FUNCTION = YES;
				GCC_WARN_UNUSED_VARIABLE = YES;
				IPHONEOS_DEPLOYMENT_TARGET = 9.3;
				MTL_ENABLE_DEBUG_INFO = NO;
				SDKROOT = iphoneos;
				VALIDATE_PRODUCT = YES;
			};
			name = Release;
		};
		E1CC2EE91D3E0C1B005FEA04 /* Debug */ = {
			isa = XCBuildConfiguration;
			baseConfigurationReference = 4C6DF8E0E3ED207E32706D8A /* Pods-100Days.debug.xcconfig */;
			buildSettings = {
				ASSETCATALOG_COMPILER_APPICON_NAME = AppIcon;
				CODE_SIGN_IDENTITY = "iPhone Developer: Wei Feng Hou (JY7929XD73)";
				DEVELOPMENT_TEAM = test;
				GCC_INCREASE_PRECOMPILED_HEADER_SHARING = NO;
				GCC_PREFIX_HEADER = "$(SRCROOT)/CYBaseProject/Resource/Global/PrefixHeader.pch";
				INFOPLIST_FILE = "$(SRCROOT)/CYBaseProject/Resource/Plist/Info.plist";
				IPHONEOS_DEPLOYMENT_TARGET = 8.0;
				LD_RUNPATH_SEARCH_PATHS = "$(inherited) @executable_path/Frameworks";
				PRODUCT_BUNDLE_IDENTIFIER = com.ztesoft.newsalesssisant.jiangximarket;
				PRODUCT_NAME = "$(TARGET_NAME)";
			};
			name = Debug;
		};
		E1CC2EEA1D3E0C1B005FEA04 /* Release */ = {
			isa = XCBuildConfiguration;
			baseConfigurationReference = FCDCEDDFCBE034AA29CA0038 /* Pods-100Days.release.xcconfig */;
			buildSettings = {
				ASSETCATALOG_COMPILER_APPICON_NAME = AppIcon;
				CODE_SIGN_IDENTITY = "iPhone Developer: Wei Feng Hou (JY7929XD73)";
				DEVELOPMENT_TEAM = test;
				GCC_INCREASE_PRECOMPILED_HEADER_SHARING = NO;
				GCC_PREFIX_HEADER = "$(SRCROOT)/CYBaseProject/Resource/Global/PrefixHeader.pch";
				INFOPLIST_FILE = "$(SRCROOT)/CYBaseProject/Resource/Plist/Info.plist";
				IPHONEOS_DEPLOYMENT_TARGET = 8.0;
				LD_RUNPATH_SEARCH_PATHS = "$(inherited) @executable_path/Frameworks";
				PRODUCT_BUNDLE_IDENTIFIER = com.ztesoft.newsalesssisant.jiangximarket;
				PRODUCT_NAME = "$(TARGET_NAME)";
			};
			name = Release;
		};
/* End XCBuildConfiguration section */

/* Begin XCConfigurationList section */
		E1CC2ECC1D3E0C1B005FEA04 /* Build configuration list for PBXProject "100Days" */ = {
			isa = XCConfigurationList;
			buildConfigurations = (
				E1CC2EE61D3E0C1B005FEA04 /* Debug */,
				E1CC2EE71D3E0C1B005FEA04 /* Release */,
			);
			defaultConfigurationIsVisible = 0;
			defaultConfigurationName = Release;
		};
		E1CC2EE81D3E0C1B005FEA04 /* Build configuration list for PBXNativeTarget "100Days" */ = {
			isa = XCConfigurationList;
			buildConfigurations = (
				E1CC2EE91D3E0C1B005FEA04 /* Debug */,
				E1CC2EEA1D3E0C1B005FEA04 /* Release */,
			);
			defaultConfigurationIsVisible = 0;
			defaultConfigurationName = Release;
		};
/* End XCConfigurationList section */

/* Begin XCVersionGroup section */
		E1BF44C61D76D4ED0070900D /* 100DaysTargetModel.xcdatamodeld */ = {
			isa = XCVersionGroup;
			children = (
				E1BF44C71D76D4ED0070900D /* 100DaysTargetModel.xcdatamodel */,
			);
			currentVersion = E1BF44C71D76D4ED0070900D /* 100DaysTargetModel.xcdatamodel */;
			path = 100DaysTargetModel.xcdatamodeld;
			sourceTree = "<group>";
			versionGroupType = wrapper.xcdatamodel;
		};
/* End XCVersionGroup section */
	};
	rootObject = E1CC2EC91D3E0C1B005FEA04 /* Project object */;
}
